
Microsoft Visual Studio Solution File, Format Version 12.00
# Visual Studio Version 17
VisualStudioVersion = 17.11.35303.130
MinimumVisualStudioVersion = 10.0.40219.1
Project("{FAE04EC0-301F-11D3-BF4B-00C04F79EFBC}") = "SigesaWeb", "SIGESAWeb\SigesaWeb.csproj", "{FE7B27F0-E26A-4D37-8A67-7381DF0DAF63}"
EndProject
Project("{FAE04EC0-301F-11D3-BF4B-00C04F79EFBC}") = "SigesaData", "SIGESAData\SigesaData.csproj", "{1BD4A31A-412E-468A-ACDD-DEE53396265C}"
EndProject
Project("{FAE04EC0-301F-11D3-BF4B-00C04F79EFBC}") = "SigesaEntidades", "SIGESAEntidades\SigesaEntidades.csproj", "{17BC4260-A56A-460B-AE75-2E4CA3FEEA2A}"
EndProject
Global
	GlobalSection(SolutionConfigurationPlatforms) = preSolution
		Debug|Any CPU = Debug|Any CPU
		Release|Any CPU = Release|Any CPU
	EndGlobalSection
	GlobalSection(ProjectConfigurationPlatforms) = postSolution
		{FE7B27F0-E26A-4D37-8A67-7381DF0DAF63}.Debug|Any CPU.ActiveCfg = Debug|Any CPU
		{FE7B27F0-E26A-4D37-8A67-7381DF0DAF63}.Debug|Any CPU.Build.0 = Debug|Any CPU
		{FE7B27F0-E26A-4D37-8A67-7381DF0DAF63}.Release|Any CPU.ActiveCfg = Release|Any CPU
		{FE7B27F0-E26A-4D37-8A67-7381DF0DAF63}.Release|Any CPU.Build.0 = Release|Any CPU
		{1BD4A31A-412E-468A-ACDD-DEE53396265C}.Debug|Any CPU.ActiveCfg = Debug|Any CPU
		{1BD4A31A-412E-468A-ACDD-DEE53396265C}.Debug|Any CPU.Build.0 = Debug|Any CPU
		{1BD4A31A-412E-468A-ACDD-DEE53396265C}.Release|Any CPU.ActiveCfg = Release|Any CPU
		{1BD4A31A-412E-468A-ACDD-DEE53396265C}.Release|Any CPU.Build.0 = Release|Any CPU
		{17BC4260-A56A-460B-AE75-2E4CA3FEEA2A}.Debug|Any CPU.ActiveCfg = Debug|Any CPU
		{17BC4260-A56A-460B-AE75-2E4CA3FEEA2A}.Debug|Any CPU.Build.0 = Debug|Any CPU
		{17BC4260-A56A-460B-AE75-2E4CA3FEEA2A}.Release|Any CPU.ActiveCfg = Release|Any CPU
		{17BC4260-A56A-460B-AE75-2E4CA3FEEA2A}.Release|Any CPU.Build.0 = Release|Any CPU
	EndGlobalSection
	GlobalSection(SolutionProperties) = preSolution
		HideSolutionNode = FALSE
	EndGlobalSection
	GlobalSection(ExtensibilityGlobals) = postSolution
		SolutionGuid = {4BD3362F-BB40-4116-A6AE-D537E29FCD89}
	EndGlobalSection
EndGlobal
